
Microsoft Visual Studio Solution File, Format Version 12.00
# Visual Studio 15
VisualStudioVersion = 15.0.26430.15
MinimumVisualStudioVersion = 10.0.40219.1
Project("{FAE04EC0-301F-11D3-BF4B-00C04F79EFBC}") = "Cource Project", "Cource Project\Cource Project.csproj", "{57D3D2BD-91A7-499A-9580-501357EC7D84}"
EndProject
Global
	GlobalSection(SolutionConfigurationPlatforms) = preSolution
		Debug|Any CPU = Debug|Any CPU
		Release|Any CPU = Release|Any CPU
	EndGlobalSection
	GlobalSection(ProjectConfigurationPlatforms) = postSolution
		{57D3D2BD-91A7-499A-9580-501357EC7D84}.Debug|Any CPU.ActiveCfg = Debug|Any CPU
		{57D3D2BD-91A7-499A-9580-501357EC7D84}.Debug|Any CPU.Build.0 = Debug|Any CPU
		{57D3D2BD-91A7-499A-9580-501357EC7D84}.Release|Any CPU.ActiveCfg = Release|Any CPU
		{57D3D2BD-91A7-499A-9580-501357EC7D84}.Release|Any CPU.Build.0 = Release|Any CPU
	EndGlobalSection
	GlobalSection(SolutionProperties) = preSolution
		HideSolutionNode = FALSE
	EndGlobalSection
EndGlobal
